
Microsoft Visual Studio Solution File, Format Version 12.00
# Visual Studio 2012
Project("{FAE04EC0-301F-11D3-BF4B-00C04F79EFBC}") = "BlobBatchUpdate", "BlobBatchUpdate.csproj", "{2DBC79E0-8613-4A66-96A3-8F000C812CDB}"
EndProject
Global
	GlobalSection(SolutionConfigurationPlatforms) = preSolution
		Debug|Any CPU = Debug|Any CPU
		Release|Any CPU = Release|Any CPU
	EndGlobalSection
	GlobalSection(ProjectConfigurationPlatforms) = postSolution
		{2DBC79E0-8613-4A66-96A3-8F000C812CDB}.Debug|Any CPU.ActiveCfg = Debug|Any CPU
		{2DBC79E0-8613-4A66-96A3-8F000C812CDB}.Debug|Any CPU.Build.0 = Debug|Any CPU
		{2DBC79E0-8613-4A66-96A3-8F000C812CDB}.Release|Any CPU.ActiveCfg = Release|Any CPU
		{2DBC79E0-8613-4A66-96A3-8F000C812CDB}.Release|Any CPU.Build.0 = Release|Any CPU
	EndGlobalSection
	GlobalSection(SolutionProperties) = preSolution
		HideSolutionNode = FALSE
	EndGlobalSection
EndGlobal
